
Microsoft Visual Studio Solution File, Format Version 12.00
# Visual Studio Version 17
VisualStudioVersion = 17.3.32901.215
MinimumVisualStudioVersion = 10.0.40219.1
Project("{9A19103F-16F7-4668-BE54-9A1E7A4F7556}") = "AsynchronousProgrammingDemo", "AsynchronousProgrammingDemo\AsynchronousProgrammingDemo.csproj", "{A1D17FAE-0049-4F4C-8A10-F05ED658C19A}"
EndProject
Project("{FAE04EC0-301F-11D3-BF4B-00C04F79EFBC}") = "PrintNumbers", "PrintNumbers\PrintNumbers.csproj", "{5D670F67-A51B-4F4F-B919-925955F972F1}"
EndProject
Global
	GlobalSection(SolutionConfigurationPlatforms) = preSolution
		Debug|Any CPU = Debug|Any CPU
		Release|Any CPU = Release|Any CPU
	EndGlobalSection
	GlobalSection(ProjectConfigurationPlatforms) = postSolution
		{A1D17FAE-0049-4F4C-8A10-F05ED658C19A}.Debug|Any CPU.ActiveCfg = Debug|Any CPU
		{A1D17FAE-0049-4F4C-8A10-F05ED658C19A}.Debug|Any CPU.Build.0 = Debug|Any CPU
		{A1D17FAE-0049-4F4C-8A10-F05ED658C19A}.Release|Any CPU.ActiveCfg = Release|Any CPU
		{A1D17FAE-0049-4F4C-8A10-F05ED658C19A}.Release|Any CPU.Build.0 = Release|Any CPU
		{5D670F67-A51B-4F4F-B919-925955F972F1}.Debug|Any CPU.ActiveCfg = Debug|Any CPU
		{5D670F67-A51B-4F4F-B919-925955F972F1}.Debug|Any CPU.Build.0 = Debug|Any CPU
		{5D670F67-A51B-4F4F-B919-925955F972F1}.Release|Any CPU.ActiveCfg = Release|Any CPU
		{5D670F67-A51B-4F4F-B919-925955F972F1}.Release|Any CPU.Build.0 = Release|Any CPU
	EndGlobalSection
	GlobalSection(SolutionProperties) = preSolution
		HideSolutionNode = FALSE
	EndGlobalSection
	GlobalSection(ExtensibilityGlobals) = postSolution
		SolutionGuid = {CC49BDC4-1F3C-48D8-A691-CDAC3EE66934}
	EndGlobalSection
EndGlobal
