
Microsoft Visual Studio Solution File, Format Version 12.00
# Visual Studio Version 17
VisualStudioVersion = 17.3.32929.385
MinimumVisualStudioVersion = 10.0.40219.1
Project("{9A19103F-16F7-4668-BE54-9A1E7A4F7556}") = "PT-HospitalApp", "PT-HospitalApp\PT-HospitalApp.csproj", "{DBEDCD2D-2528-4FEC-8167-682B12382FD3}"
EndProject
Global
	GlobalSection(SolutionConfigurationPlatforms) = preSolution
		Debug|Any CPU = Debug|Any CPU
		Release|Any CPU = Release|Any CPU
	EndGlobalSection
	GlobalSection(ProjectConfigurationPlatforms) = postSolution
		{DBEDCD2D-2528-4FEC-8167-682B12382FD3}.Debug|Any CPU.ActiveCfg = Debug|Any CPU
		{DBEDCD2D-2528-4FEC-8167-682B12382FD3}.Debug|Any CPU.Build.0 = Debug|Any CPU
		{DBEDCD2D-2528-4FEC-8167-682B12382FD3}.Release|Any CPU.ActiveCfg = Release|Any CPU
		{DBEDCD2D-2528-4FEC-8167-682B12382FD3}.Release|Any CPU.Build.0 = Release|Any CPU
	EndGlobalSection
	GlobalSection(SolutionProperties) = preSolution
		HideSolutionNode = FALSE
	EndGlobalSection
	GlobalSection(ExtensibilityGlobals) = postSolution
		SolutionGuid = {8E13F9AA-6A5C-4A9C-AD4D-6F398936405F}
	EndGlobalSection
EndGlobal
