
Microsoft Visual Studio Solution File, Format Version 12.00
# Visual Studio Version 17
VisualStudioVersion = 17.3.32929.385
MinimumVisualStudioVersion = 10.0.40219.1
Project("{9A19103F-16F7-4668-BE54-9A1E7A4F7556}") = "PT-HospitalApp", "PT-HospitalApp\PT-HospitalApp.csproj", "{DBEDCD2D-2528-4FEC-8167-682B12382FD3}"
EndProject
Project("{9A19103F-16F7-4668-BE54-9A1E7A4F7556}") = "CSRF-PasswordApp", "CSRF-PasswordApp\CSRF-PasswordApp.csproj", "{C3C11623-D76E-4BEF-899C-A08214CC7EAE}"
EndProject
Project("{9A19103F-16F7-4668-BE54-9A1E7A4F7556}") = "SQLInjection-LoginApp", "SQLInjection-LoginApp\SQLInjection-LoginApp.csproj", "{88305F63-EB2D-46BA-99BE-8DCD2A6AACF5}"
EndProject
Project("{9A19103F-16F7-4668-BE54-9A1E7A4F7556}") = "XSSDemo-ChatApp", "XSSDemo-ChatApp\XSSDemo-ChatApp.csproj", "{3FC0DADB-E518-4402-AA3A-79EE9F6D3C5F}"
EndProject
Global
	GlobalSection(SolutionConfigurationPlatforms) = preSolution
		Debug|Any CPU = Debug|Any CPU
		Release|Any CPU = Release|Any CPU
	EndGlobalSection
	GlobalSection(ProjectConfigurationPlatforms) = postSolution
		{DBEDCD2D-2528-4FEC-8167-682B12382FD3}.Debug|Any CPU.ActiveCfg = Debug|Any CPU
		{DBEDCD2D-2528-4FEC-8167-682B12382FD3}.Debug|Any CPU.Build.0 = Debug|Any CPU
		{DBEDCD2D-2528-4FEC-8167-682B12382FD3}.Release|Any CPU.ActiveCfg = Release|Any CPU
		{DBEDCD2D-2528-4FEC-8167-682B12382FD3}.Release|Any CPU.Build.0 = Release|Any CPU
		{C3C11623-D76E-4BEF-899C-A08214CC7EAE}.Debug|Any CPU.ActiveCfg = Debug|Any CPU
		{C3C11623-D76E-4BEF-899C-A08214CC7EAE}.Debug|Any CPU.Build.0 = Debug|Any CPU
		{C3C11623-D76E-4BEF-899C-A08214CC7EAE}.Release|Any CPU.ActiveCfg = Release|Any CPU
		{C3C11623-D76E-4BEF-899C-A08214CC7EAE}.Release|Any CPU.Build.0 = Release|Any CPU
		{88305F63-EB2D-46BA-99BE-8DCD2A6AACF5}.Debug|Any CPU.ActiveCfg = Debug|Any CPU
		{88305F63-EB2D-46BA-99BE-8DCD2A6AACF5}.Debug|Any CPU.Build.0 = Debug|Any CPU
		{88305F63-EB2D-46BA-99BE-8DCD2A6AACF5}.Release|Any CPU.ActiveCfg = Release|Any CPU
		{88305F63-EB2D-46BA-99BE-8DCD2A6AACF5}.Release|Any CPU.Build.0 = Release|Any CPU
		{3FC0DADB-E518-4402-AA3A-79EE9F6D3C5F}.Debug|Any CPU.ActiveCfg = Debug|Any CPU
		{3FC0DADB-E518-4402-AA3A-79EE9F6D3C5F}.Debug|Any CPU.Build.0 = Debug|Any CPU
		{3FC0DADB-E518-4402-AA3A-79EE9F6D3C5F}.Release|Any CPU.ActiveCfg = Release|Any CPU
		{3FC0DADB-E518-4402-AA3A-79EE9F6D3C5F}.Release|Any CPU.Build.0 = Release|Any CPU
	EndGlobalSection
	GlobalSection(SolutionProperties) = preSolution
		HideSolutionNode = FALSE
	EndGlobalSection
	GlobalSection(ExtensibilityGlobals) = postSolution
		SolutionGuid = {8E13F9AA-6A5C-4A9C-AD4D-6F398936405F}
	EndGlobalSection
EndGlobal
