
Microsoft Visual Studio Solution File, Format Version 12.00
# Visual Studio Version 17
VisualStudioVersion = 17.3.32929.385
MinimumVisualStudioVersion = 10.0.40219.1
Project("{9A19103F-16F7-4668-BE54-9A1E7A4F7556}") = "HouseRentingSystem.Services", "HouseRentingSystem.Services\HouseRentingSystem.Services.csproj", "{08D43746-D505-4F2C-B40B-A96E4539BAF4}"
EndProject
Project("{9A19103F-16F7-4668-BE54-9A1E7A4F7556}") = "HouseRentingSystem.Web", "HouseRentingSystem.Web\HouseRentingSystem.Web.csproj", "{9E98B03C-8D51-48E2-92AB-9BEECB694190}"
EndProject
Global
	GlobalSection(SolutionConfigurationPlatforms) = preSolution
		Debug|Any CPU = Debug|Any CPU
		Release|Any CPU = Release|Any CPU
	EndGlobalSection
	GlobalSection(ProjectConfigurationPlatforms) = postSolution
		{08D43746-D505-4F2C-B40B-A96E4539BAF4}.Debug|Any CPU.ActiveCfg = Debug|Any CPU
		{08D43746-D505-4F2C-B40B-A96E4539BAF4}.Debug|Any CPU.Build.0 = Debug|Any CPU
		{08D43746-D505-4F2C-B40B-A96E4539BAF4}.Release|Any CPU.ActiveCfg = Release|Any CPU
		{08D43746-D505-4F2C-B40B-A96E4539BAF4}.Release|Any CPU.Build.0 = Release|Any CPU
		{9E98B03C-8D51-48E2-92AB-9BEECB694190}.Debug|Any CPU.ActiveCfg = Debug|Any CPU
		{9E98B03C-8D51-48E2-92AB-9BEECB694190}.Debug|Any CPU.Build.0 = Debug|Any CPU
		{9E98B03C-8D51-48E2-92AB-9BEECB694190}.Release|Any CPU.ActiveCfg = Release|Any CPU
		{9E98B03C-8D51-48E2-92AB-9BEECB694190}.Release|Any CPU.Build.0 = Release|Any CPU
	EndGlobalSection
	GlobalSection(SolutionProperties) = preSolution
		HideSolutionNode = FALSE
	EndGlobalSection
	GlobalSection(ExtensibilityGlobals) = postSolution
		SolutionGuid = {F27DFD2A-FF00-4255-83B2-6C08D60EF658}
	EndGlobalSection
EndGlobal
