
Microsoft Visual Studio Solution File, Format Version 12.00
# Visual Studio Version 16
VisualStudioVersion = 16.0.31105.61
MinimumVisualStudioVersion = 10.0.40219.1
Project("{9A19103F-16F7-4668-BE54-9A1E7A4F7556}") = "P01", "CSharpFundamentals_FinalExam\P01.csproj", "{A4D4CC27-C76C-44C6-9D8C-7C4EA1DC6BBD}"
EndProject
Project("{FAE04EC0-301F-11D3-BF4B-00C04F79EFBC}") = "P02", "P02\P02.csproj", "{EBFE3551-6188-40A9-BC0C-50FFC2DBD290}"
EndProject
Project("{FAE04EC0-301F-11D3-BF4B-00C04F79EFBC}") = "P03", "P03\P03.csproj", "{3947675D-26EA-41D5-9C78-C93CA102EE73}"
EndProject
Global
	GlobalSection(SolutionConfigurationPlatforms) = preSolution
		Debug|Any CPU = Debug|Any CPU
		Release|Any CPU = Release|Any CPU
	EndGlobalSection
	GlobalSection(ProjectConfigurationPlatforms) = postSolution
		{A4D4CC27-C76C-44C6-9D8C-7C4EA1DC6BBD}.Debug|Any CPU.ActiveCfg = Debug|Any CPU
		{A4D4CC27-C76C-44C6-9D8C-7C4EA1DC6BBD}.Debug|Any CPU.Build.0 = Debug|Any CPU
		{A4D4CC27-C76C-44C6-9D8C-7C4EA1DC6BBD}.Release|Any CPU.ActiveCfg = Release|Any CPU
		{A4D4CC27-C76C-44C6-9D8C-7C4EA1DC6BBD}.Release|Any CPU.Build.0 = Release|Any CPU
		{EBFE3551-6188-40A9-BC0C-50FFC2DBD290}.Debug|Any CPU.ActiveCfg = Debug|Any CPU
		{EBFE3551-6188-40A9-BC0C-50FFC2DBD290}.Debug|Any CPU.Build.0 = Debug|Any CPU
		{EBFE3551-6188-40A9-BC0C-50FFC2DBD290}.Release|Any CPU.ActiveCfg = Release|Any CPU
		{EBFE3551-6188-40A9-BC0C-50FFC2DBD290}.Release|Any CPU.Build.0 = Release|Any CPU
		{3947675D-26EA-41D5-9C78-C93CA102EE73}.Debug|Any CPU.ActiveCfg = Debug|Any CPU
		{3947675D-26EA-41D5-9C78-C93CA102EE73}.Debug|Any CPU.Build.0 = Debug|Any CPU
		{3947675D-26EA-41D5-9C78-C93CA102EE73}.Release|Any CPU.ActiveCfg = Release|Any CPU
		{3947675D-26EA-41D5-9C78-C93CA102EE73}.Release|Any CPU.Build.0 = Release|Any CPU
	EndGlobalSection
	GlobalSection(SolutionProperties) = preSolution
		HideSolutionNode = FALSE
	EndGlobalSection
	GlobalSection(ExtensibilityGlobals) = postSolution
		SolutionGuid = {329C90A1-CFE6-4415-B9D1-1B258AFB058C}
	EndGlobalSection
EndGlobal
