
Microsoft Visual Studio Solution File, Format Version 12.00
# Visual Studio Version 17
VisualStudioVersion = 17.2.32630.192
MinimumVisualStudioVersion = 10.0.40219.1
Project("{FAE04EC0-301F-11D3-BF4B-00C04F79EFBC}") = "ChatApp", "ChatApp\ChatApp.csproj", "{4F45AE8F-C630-4732-BD48-114FF4657252}"
EndProject
Global
	GlobalSection(SolutionConfigurationPlatforms) = preSolution
		Debug|Any CPU = Debug|Any CPU
		Release|Any CPU = Release|Any CPU
	EndGlobalSection
	GlobalSection(ProjectConfigurationPlatforms) = postSolution
		{4F45AE8F-C630-4732-BD48-114FF4657252}.Debug|Any CPU.ActiveCfg = Debug|Any CPU
		{4F45AE8F-C630-4732-BD48-114FF4657252}.Debug|Any CPU.Build.0 = Debug|Any CPU
		{4F45AE8F-C630-4732-BD48-114FF4657252}.Release|Any CPU.ActiveCfg = Release|Any CPU
		{4F45AE8F-C630-4732-BD48-114FF4657252}.Release|Any CPU.Build.0 = Release|Any CPU
	EndGlobalSection
	GlobalSection(SolutionProperties) = preSolution
		HideSolutionNode = FALSE
	EndGlobalSection
	GlobalSection(ExtensibilityGlobals) = postSolution
		SolutionGuid = {618672EA-5AE2-4F74-964D-0CC0D4594A59}
	EndGlobalSection
EndGlobal
