
Microsoft Visual Studio Solution File, Format Version 12.00
# Visual Studio Version 17
VisualStudioVersion = 17.2.32630.192
MinimumVisualStudioVersion = 10.0.40219.1
Project("{FAE04EC0-301F-11D3-BF4B-00C04F79EFBC}") = "TaskBoardApp", "TaskBoardApp\TaskBoardApp.csproj", "{C17364B8-F6CA-4E51-B8DD-B49287633C82}"
EndProject
Global
	GlobalSection(SolutionConfigurationPlatforms) = preSolution
		Debug|Any CPU = Debug|Any CPU
		Release|Any CPU = Release|Any CPU
	EndGlobalSection
	GlobalSection(ProjectConfigurationPlatforms) = postSolution
		{C17364B8-F6CA-4E51-B8DD-B49287633C82}.Debug|Any CPU.ActiveCfg = Debug|Any CPU
		{C17364B8-F6CA-4E51-B8DD-B49287633C82}.Debug|Any CPU.Build.0 = Debug|Any CPU
		{C17364B8-F6CA-4E51-B8DD-B49287633C82}.Release|Any CPU.ActiveCfg = Release|Any CPU
		{C17364B8-F6CA-4E51-B8DD-B49287633C82}.Release|Any CPU.Build.0 = Release|Any CPU
	EndGlobalSection
	GlobalSection(SolutionProperties) = preSolution
		HideSolutionNode = FALSE
	EndGlobalSection
	GlobalSection(ExtensibilityGlobals) = postSolution
		SolutionGuid = {9F49C7E6-9FA7-48B5-B29E-6BC2FA100B8A}
	EndGlobalSection
EndGlobal
